
Microsoft Visual Studio Solution File, Format Version 12.00
# Visual Studio 2013
VisualStudioVersion = 12.0.40629.0
MinimumVisualStudioVersion = 10.0.40219.1
Project("{FAE04EC0-301F-11D3-BF4B-00C04F79EFBC}") = "Shell", "Shell\Shell.csproj", "{92CD8BB6-2231-40B6-8D71-63B4443FD35B}"
EndProject
Project("{FAE04EC0-301F-11D3-BF4B-00C04F79EFBC}") = "EngineModule", "EngineModule\EngineModule.csproj", "{B607A5DA-6739-4DB7-AF8F-9E3CC6C86FDE}"
EndProject
Project("{FAE04EC0-301F-11D3-BF4B-00C04F79EFBC}") = "WheelsModule", "WheelsModule\WheelsModule.csproj", "{EF5EC190-E83F-439E-9DC4-3F6D1EDE7544}"
EndProject
Global
	GlobalSection(SolutionConfigurationPlatforms) = preSolution
		Debug|Any CPU = Debug|Any CPU
		Release|Any CPU = Release|Any CPU
	EndGlobalSection
	GlobalSection(ProjectConfigurationPlatforms) = postSolution
		{92CD8BB6-2231-40B6-8D71-63B4443FD35B}.Debug|Any CPU.ActiveCfg = Debug|Any CPU
		{92CD8BB6-2231-40B6-8D71-63B4443FD35B}.Debug|Any CPU.Build.0 = Debug|Any CPU
		{92CD8BB6-2231-40B6-8D71-63B4443FD35B}.Release|Any CPU.ActiveCfg = Release|Any CPU
		{92CD8BB6-2231-40B6-8D71-63B4443FD35B}.Release|Any CPU.Build.0 = Release|Any CPU
		{B607A5DA-6739-4DB7-AF8F-9E3CC6C86FDE}.Debug|Any CPU.ActiveCfg = Debug|Any CPU
		{B607A5DA-6739-4DB7-AF8F-9E3CC6C86FDE}.Debug|Any CPU.Build.0 = Debug|Any CPU
		{B607A5DA-6739-4DB7-AF8F-9E3CC6C86FDE}.Release|Any CPU.ActiveCfg = Release|Any CPU
		{B607A5DA-6739-4DB7-AF8F-9E3CC6C86FDE}.Release|Any CPU.Build.0 = Release|Any CPU
		{EF5EC190-E83F-439E-9DC4-3F6D1EDE7544}.Debug|Any CPU.ActiveCfg = Debug|Any CPU
		{EF5EC190-E83F-439E-9DC4-3F6D1EDE7544}.Debug|Any CPU.Build.0 = Debug|Any CPU
		{EF5EC190-E83F-439E-9DC4-3F6D1EDE7544}.Release|Any CPU.ActiveCfg = Release|Any CPU
		{EF5EC190-E83F-439E-9DC4-3F6D1EDE7544}.Release|Any CPU.Build.0 = Release|Any CPU
	EndGlobalSection
	GlobalSection(SolutionProperties) = preSolution
		HideSolutionNode = FALSE
	EndGlobalSection
EndGlobal
